Microsoft Visual Studio Solution File, Format Version 12.00
# Visual Studio Version 17
VisualStudioVersion = 17.5.2.0
MinimumVisualStudioVersion = 10.0.40219.1
Project("{FAE04EC0-301F-11D3-BF4B-00C04F79EFBC}") = "RC GUI WATS", "RC GUI WATS\RC GUI WATS.csproj", "{29D89C86-5CBD-2C1D-8F67-21131A9B0937}"
EndProject
Global
	GlobalSection(SolutionConfigurationPlatforms) = preSolution
		Debug|Any CPU = Debug|Any CPU
		Release|Any CPU = Release|Any CPU
	EndGlobalSection
	GlobalSection(ProjectConfigurationPlatforms) = postSolution
		{29D89C86-5CBD-2C1D-8F67-21131A9B0937}.Debug|Any CPU.ActiveCfg = Debug|Any CPU
		{29D89C86-5CBD-2C1D-8F67-21131A9B0937}.Debug|Any CPU.Build.0 = Debug|Any CPU
		{29D89C86-5CBD-2C1D-8F67-21131A9B0937}.Release|Any CPU.ActiveCfg = Release|Any CPU
		{29D89C86-5CBD-2C1D-8F67-21131A9B0937}.Release|Any CPU.Build.0 = Release|Any CPU
	EndGlobalSection
	GlobalSection(SolutionProperties) = preSolution
		HideSolutionNode = FALSE
	EndGlobalSection
	GlobalSection(ExtensibilityGlobals) = postSolution
		SolutionGuid = {2D8D948B-37AC-47AF-854D-6841F1F41E29}
	EndGlobalSection
EndGlobal
